// !$*UTF8*$!
{
	archiveVersion = 1;
	classes = {
	};
	objectVersion = 46;
	objects = {

/* Begin PBXBuildFile section */
		5310120A1D3FE1A50020587D /* AppDelegate.swift in Sources */ = {isa = PBXBuildFile; fileRef = 531012091D3FE1A50020587D /* AppDelegate.swift */; };
		5310120C1D3FE1A50020587D /* ViewController.swift in Sources */ = {isa = PBXBuildFile; fileRef = 5310120B1D3FE1A50020587D /* ViewController.swift */; };
		5310120F1D3FE1A50020587D /* Main.storyboard in Resources */ = {isa = PBXBuildFile; fileRef = 5310120D1D3FE1A50020587D /* Main.storyboard */; };
		531012111D3FE1A50020587D /* Assets.xcassets in Resources */ = {isa = PBXBuildFile; fileRef = 531012101D3FE1A50020587D /* Assets.xcassets */; };
		531012141D3FE1A50020587D /* LaunchScreen.storyboard in Resources */ = {isa = PBXBuildFile; fileRef = 531012121D3FE1A50020587D /* LaunchScreen.storyboard */; };
/* End PBXBuildFile section */

/* Begin PBXFileReference section */
		531012061D3FE1A50020587D /* Simple1.app */ = {isa = PBXFileReference; explicitFileType = wrapper.application; includeInIndex = 0; path = Simple1.app; sourceTree = BUILT_PRODUCTS_DIR; };
		531012091D3FE1A50020587D /* AppDelegate.swift */ = {isa = PBXFileReference; lastKnownFileType = sourcecode.swift; path = AppDelegate.swift; sourceTree = "<group>"; };
		5310120B1D3FE1A50020587D /* ViewController.swift */ = {isa = PBXFileReference; lastKnownFileType = sourcecode.swift; path = ViewController.swift; sourceTree = "<group>"; };
		5310120E1D3FE1A50020587D /* Base */ = {isa = PBXFileReference; lastKnownFileType = file.storyboard; name = Base; path = Base.lproj/Main.storyboard; sourceTree = "<group>"; };
		531012101D3FE1A50020587D /* Assets.xcassets */ = {isa = PBXFileReference; lastKnownFileType = folder.assetcatalog; path = Assets.xcassets; sourceTree = "<group>"; };
		531012131D3FE1A50020587D /* Base */ = {isa = PBXFileReference; lastKnownFileType = file.storyboard; name = Base; path = Base.lproj/LaunchScreen.storyboard; sourceTree = "<group>"; };
		531012151D3FE1A50020587D /* Info.plist */ = {isa = PBXFileReference; lastKnownFileType = text.plist.xml; path = Info.plist; sourceTree = "<group>"; };
/* End PBXFileReference section */

/* Begin PBXFrameworksBuildPhase section */
		531012031D3FE1A50020587D /* Frameworks */ = {
			isa = PBXFrameworksBuildPhase;
			buildActionMask = 2147483647;
			files = (
			);
			runOnlyForDeploymentPostprocessing = 0;
		};
/* End PBXFrameworksBuildPhase section */

/* Begin PBXGroup section */
		531011FD1D3FE1A50020587D = {
			isa = PBXGroup;
			children = (
				531012081D3FE1A50020587D /* Simple1 */,
				531012071D3FE1A50020587D /* Products */,
			);
			sourceTree = "<group>";
		};
		531012071D3FE1A50020587D /* Products */ = {
			isa = PBXGroup;
			children = (
				531012061D3FE1A50020587D /* Simple1.app */,
			);
			name = Products;
			sourceTree = "<group>";
		};
		531012081D3FE1A50020587D /* Simple1 */ = {
			isa = PBXGroup;
			children = (
				531012091D3FE1A50020587D /* AppDelegate.swift */,
				5310120B1D3FE1A50020587D /* ViewController.swift */,
				5310120D1D3FE1A50020587D /* Main.storyboard */,
				531012101D3FE1A50020587D /* Assets.xcassets */,
				531012121D3FE1A50020587D /* LaunchScreen.storyboard */,
				531012151D3FE1A50020587D /* Info.plist */,
			);
			path = Simple1;
			sourceTree = "<group>";
		};
/* End PBXGroup section */

/* Begin PBXNativeTarget section */
		531012051D3FE1A50020587D /* Simple1 */ = {
			isa = PBXNativeTarget;
			buildConfigurationList = 531012181D3FE1A50020587D /* Build configuration list for PBXNativeTarget "Simple1" */;
			buildPhases = (
				531012021D3FE1A50020587D /* Sources */,
				531012031D3FE1A50020587D /* Frameworks */,
				531012041D3FE1A50020587D /* Resources */,
			);
			buildRules = (
			);
			dependencies = (
			);
			name = Simple1;
			productName = Simple1;
			productReference = 531012061D3FE1A50020587D /* Simple1.app */;
			productType = "com.apple.product-type.application";
		};
/* End PBXNativeTarget section */

/* Begin PBXProject section */
		531011FE1D3FE1A50020587D /* Project object */ = {
			isa = PBXProject;
			attributes = {
				LastSwiftUpdateCheck = 0720;
				LastUpgradeCheck = 0720;
				ORGANIZATIONNAME = "Gordon Zeng";
				TargetAttributes = {
					531012051D3FE1A50020587D = {
						CreatedOnToolsVersion = 7.2.1;
						DevelopmentTeam = LEQ7855B3E;
					};
				};
			};
			buildConfigurationList = 531012011D3FE1A50020587D /* Build configuration list for PBXProject "Simple1" */;
			compatibilityVersion = "Xcode 3.2";
			developmentRegion = English;
			hasScannedForEncodings = 0;
			knownRegions = (
				en,
				Base,
			);
			mainGroup = 531011FD1D3FE1A50020587D;
			productRefGroup = 531012071D3FE1A50020587D /* Products */;
			projectDirPath = "";
			projectRoot = "";
			targets = (
				531012051D3FE1A50020587D /* Simple1 */,
			);
		};
/* End PBXProject section */

/* Begin PBXResourcesBuildPhase section */
		531012041D3FE1A50020587D /* Resources */ = {
			isa = PBXResourcesBuildPhase;
			buildActionMask = 2147483647;
			files = (
				531012141D3FE1A50020587D /* LaunchScreen.storyboard in Resources */,
				531012111D3FE1A50020587D /* Assets.xcassets in Resources */,
				5310120F1D3FE1A50020587D /* Main.storyboard in Resources */,
			);
			runOnlyForDeploymentPostprocessing = 0;
		};
/* End PBXResourcesBuildPhase section */

/* Begin PBXSourcesBuildPhase section */
		531012021D3FE1A50020587D /* Sources */ = {
			isa = PBXSourcesBuildPhase;
			buildActionMask = 2147483647;
			files = (
				5310120C1D3FE1A50020587D /* ViewController.swift in Sources */,
				5310120A1D3FE1A50020587D /* AppDelegate.swift in Sources */,
			);
			runOnlyForDeploymentPostprocessing = 0;
		};
/* End PBXSourcesBuildPhase section */

/* Begin PBXVariantGroup section */
		5310120D1D3FE1A50020587D /* Main.storyboard */ = {
			isa = PBXVariantGroup;
			children = (
				5310120E1D3FE1A50020587D /* Base */,
			);
			name = Main.storyboard;
			sourceTree = "<group>";
		};
		531012121D3FE1A50020587D /* LaunchScreen.storyboard */ = {
			isa = PBXVariantGroup;
			children = (
				531012131D3FE1A50020587D /* Base */,
			);
			name = LaunchScreen.storyboard;
			sourceTree = "<group>";
		};
/* End PBXVariantGroup section */

/* Begin XCBuildConfiguration section */
		531012161D3FE1A50020587D /* Debug */ = {
			isa = XCBuildConfiguration;
			buildSettings = {
				ALWAYS_SEARCH_USER_PATHS = NO;
				CLANG_CXX_LANGUAGE_STANDARD = "gnu++0x";
				CLANG_CXX_LIBRARY = "libc++";
				CLANG_ENABLE_MODULES = YES;
				CLANG_ENABLE_OBJC_ARC = YES;
				CLANG_WARN_BOOL_CONVERSION = YES;
				CLANG_WARN_CONSTANT_CONVERSION = YES;
				CLANG_WARN_DIRECT_OBJC_ISA_USAGE = YES_ERROR;
				CLANG_WARN_EMPTY_BODY = YES;
				CLANG_WARN_ENUM_CONVERSION = YES;
				CLANG_WARN_INT_CONVERSION = YES;
				CLANG_WARN_OBJC_ROOT_CLASS = YES_ERROR;
				CLANG_WARN_UNREACHABLE_CODE = YES;
				CLANG_WARN__DUPLICATE_METHOD_MATCH = YES;
				"CODE_SIGN_IDENTITY[sdk=iphoneos*]" = "iPhone Developer";
				COPY_PHASE_STRIP = NO;
				DEBUG_INFORMATION_FORMAT = dwarf;
				ENABLE_STRICT_OBJC_MSGSEND = YES;
				ENABLE_TESTABILITY = YES;
				GCC_C_LANGUAGE_STANDARD = gnu99;
				GCC_DYNAMIC_NO_PIC = NO;
				GCC_NO_COMMON_BLOCKS = YES;
				GCC_OPTIMIZATION_LEVEL = 0;
				GCC_PREPROCESSOR_DEFINITIONS = (
					"DEBUG=1",
					"$(inherited)",
				);
				GCC_WARN_64_TO_32_BIT_CONVERSION = YES;
				GCC_WARN_ABOUT_RETURN_TYPE = YES_ERROR;
				GCC_WARN_UNDECLARED_SELECTOR = YES;
				GCC_WARN_UNINITIALIZED_AUTOS = YES_AGGRESSIVE;
				GCC_WARN_UNUSED_FUNCTION = YES;
				GCC_WARN_UNUSED_VARIABLE = YES;
				IPHONEOS_DEPLOYMENT_TARGET = 9.2;
				MTL_ENABLE_DEBUG_INFO = YES;
				ONLY_ACTIVE_ARCH = YES;
				SDKROOT = iphoneos;
				SWIFT_OPTIMIZATION_LEVEL = "-Onone";
			};
			name = Debug;
		};
		531012171D3FE1A50020587D /* Release */ = {
			isa = XCBuildConfiguration;
			buildSettings = {
				ALWAYS_SEARCH_USER_PATHS = NO;
				CLANG_CXX_LANGUAGE_STANDARD = "gnu++0x";
				CLANG_CXX_LIBRARY = "libc++";
				CLANG_ENABLE_MODULES = YES;
				CLANG_ENABLE_OBJC_ARC = YES;
				CLANG_WARN_BOOL_CONVERSION = YES;
				CLANG_WARN_CONSTANT_CONVERSION = YES;
				CLANG_WARN_DIRECT_OBJC_ISA_USAGE = YES_ERROR;
				CLANG_WARN_EMPTY_BODY = YES;
				CLANG_WARN_ENUM_CONVERSION = YES;
				CLANG_WARN_INT_CONVERSION = YES;
				CLANG_WARN_OBJC_ROOT_CLASS = YES_ERROR;
				CLANG_WARN_UNREACHABLE_CODE = YES;
				CLANG_WARN__DUPLICATE_METHOD_MATCH = YES;
				"CODE_SIGN_IDENTITY[sdk=iphoneos*]" = "iPhone Developer";
				COPY_PHASE_STRIP = NO;
				DEBUG_INFORMATION_FORMAT = "dwarf-with-dsym";
				ENABLE_NS_ASSERTIONS = NO;
				ENABLE_STRICT_OBJC_MSGSEND = YES;
				GCC_C_LANGUAGE_STANDARD = gnu99;
				GCC_NO_COMMON_BLOCKS = YES;
				GCC_WARN_64_TO_32_BIT_CONVERSION = YES;
				GCC_WARN_ABOUT_RETURN_TYPE = YES_ERROR;
				GCC_WARN_UNDECLARED_SELECTOR = YES;
				GCC_WARN_UNINITIALIZED_AUTOS = YES_AGGRESSIVE;
				GCC_WARN_UNUSED_FUNCTION = YES;
				GCC_WARN_UNUSED_VARIABLE = YES;
				IPHONEOS_DEPLOYMENT_TARGET = 9.2;
				MTL_ENABLE_DEBUG_INFO = NO;
				SDKROOT = iphoneos;
				VALIDATE_PRODUCT = YES;
			};
			name = Release;
		};
		531012191D3FE1A50020587D /* Debug */ = {
			isa = XCBuildConfiguration;
			buildSettings = {
				ASSETCATALOG_COMPILER_APPICON_NAME = AppIcon;
				INFOPLIST_FILE = Simple1/Info.plist;
				LD_RUNPATH_SEARCH_PATHS = "$(inherited) @executable_path/Frameworks";
				PRODUCT_BUNDLE_IDENTIFIER = com.gzeng.Simple1;
				PRODUCT_NAME = "$(TARGET_NAME)";
			};
			name = Debug;
		};
		5310121A1D3FE1A50020587D /* Release */ = {
			isa = XCBuildConfiguration;
			buildSettings = {
				ASSETCATALOG_COMPILER_APPICON_NAME = AppIcon;
				INFOPLIST_FILE = Simple1/Info.plist;
				LD_RUNPATH_SEARCH_PATHS = "$(inherited) @executable_path/Frameworks";
				PRODUCT_BUNDLE_IDENTIFIER = com.gzeng.Simple1;
				PRODUCT_NAME = "$(TARGET_NAME)";
			};
			name = Release;
		};
/* End XCBuildConfiguration section */

/* Begin XCConfigurationList section */
		531012011D3FE1A50020587D /* Build configuration list for PBXProject "Simple1" */ = {
			isa = XCConfigurationList;
			buildConfigurations = (
				531012161D3FE1A50020587D /* Debug */,
				531012171D3FE1A50020587D /* Release */,
			);
			defaultConfigurationIsVisible = 0;
			defaultConfigurationName = Release;
		};
		531012181D3FE1A50020587D /* Build configuration list for PBXNativeTarget "Simple1" */ = {
			isa = XCConfigurationList;
			buildConfigurations = (
				531012191D3FE1A50020587D /* Debug */,
				5310121A1D3FE1A50020587D /* Release */,
			);
			defaultConfigurationIsVisible = 0;
		};
/* End XCConfigurationList section */
	};
	rootObject = 531011FE1D3FE1A50020587D /* Project object */;
}
